
Microsoft Visual Studio Solution File, Format Version 12.00
# Visual Studio Version 16
VisualStudioVersion = 16.0.30804.86
MinimumVisualStudioVersion = 10.0.40219.1
Project("{FAE04EC0-301F-11D3-BF4B-00C04F79EFBC}") = "AzureKeyVaultApplication", "AzureKeyVaultApplication\AzureKeyVaultApplication.csproj", "{5BD99680-8BFF-42EA-9882-D18C4D3C881D}"
EndProject
Global
	GlobalSection(SolutionConfigurationPlatforms) = preSolution
		Debug|Any CPU = Debug|Any CPU
		Release|Any CPU = Release|Any CPU
	EndGlobalSection
	GlobalSection(ProjectConfigurationPlatforms) = postSolution
		{5BD99680-8BFF-42EA-9882-D18C4D3C881D}.Debug|Any CPU.ActiveCfg = Debug|Any CPU
		{5BD99680-8BFF-42EA-9882-D18C4D3C881D}.Debug|Any CPU.Build.0 = Debug|Any CPU
		{5BD99680-8BFF-42EA-9882-D18C4D3C881D}.Release|Any CPU.ActiveCfg = Release|Any CPU
		{5BD99680-8BFF-42EA-9882-D18C4D3C881D}.Release|Any CPU.Build.0 = Release|Any CPU
	EndGlobalSection
	GlobalSection(SolutionProperties) = preSolution
		HideSolutionNode = FALSE
	EndGlobalSection
	GlobalSection(ExtensibilityGlobals) = postSolution
		SolutionGuid = {61214459-F477-4063-ACD1-C98864239E13}
	EndGlobalSection
EndGlobal
