
Microsoft Visual Studio Solution File, Format Version 12.00
# Visual Studio Version 16
VisualStudioVersion = 16.0.30804.86
MinimumVisualStudioVersion = 10.0.40219.1
Project("{9A19103F-16F7-4668-BE54-9A1E7A4F7556}") = "AzureKeyVaultApplication", "AzureKeyVaultApplication\AzureKeyVaultApplication.csproj", "{5BD99680-8BFF-42EA-9882-D18C4D3C881D}"
EndProject
Project("{9A19103F-16F7-4668-BE54-9A1E7A4F7556}") = "ResilientPollyApplication", "ResilientPollyApplication\ResilientPollyApplication.csproj", "{89D6BA46-2B70-4094-81A3-0912FFFD80B3}"
EndProject
Project("{9A19103F-16F7-4668-BE54-9A1E7A4F7556}") = "UtilityLibrary", "UtilityLibrary\UtilityLibrary.csproj", "{2667CEE3-C959-4E05-8138-A999DA550514}"
EndProject
Project("{9A19103F-16F7-4668-BE54-9A1E7A4F7556}") = "NoHttpWorkloadApplication", "NoHttpWorkloadApplication\NoHttpWorkloadApplication.csproj", "{7B052CF3-4DC6-4C7E-AA5C-0AD95ECE4A39}"
EndProject
Project("{9A19103F-16F7-4668-BE54-9A1E7A4F7556}") = "SimulateDownStreamApplication", "SimulateDownStreamApplication\SimulateDownStreamApplication.csproj", "{288D556F-5A96-4B82-80E0-450ADA96AF02}"
EndProject
Project("{FAE04EC0-301F-11D3-BF4B-00C04F79EFBC}") = "CoreConsoleApplication", "CoreConsoleApplication\CoreConsoleApplication.csproj", "{1B0E9311-35B8-4681-B092-EE9E60EF82E3}"
EndProject
Global
	GlobalSection(SolutionConfigurationPlatforms) = preSolution
		Debug|Any CPU = Debug|Any CPU
		Release|Any CPU = Release|Any CPU
	EndGlobalSection
	GlobalSection(ProjectConfigurationPlatforms) = postSolution
		{5BD99680-8BFF-42EA-9882-D18C4D3C881D}.Debug|Any CPU.ActiveCfg = Debug|Any CPU
		{5BD99680-8BFF-42EA-9882-D18C4D3C881D}.Debug|Any CPU.Build.0 = Debug|Any CPU
		{5BD99680-8BFF-42EA-9882-D18C4D3C881D}.Release|Any CPU.ActiveCfg = Release|Any CPU
		{5BD99680-8BFF-42EA-9882-D18C4D3C881D}.Release|Any CPU.Build.0 = Release|Any CPU
		{89D6BA46-2B70-4094-81A3-0912FFFD80B3}.Debug|Any CPU.ActiveCfg = Debug|Any CPU
		{89D6BA46-2B70-4094-81A3-0912FFFD80B3}.Debug|Any CPU.Build.0 = Debug|Any CPU
		{89D6BA46-2B70-4094-81A3-0912FFFD80B3}.Release|Any CPU.ActiveCfg = Release|Any CPU
		{89D6BA46-2B70-4094-81A3-0912FFFD80B3}.Release|Any CPU.Build.0 = Release|Any CPU
		{2667CEE3-C959-4E05-8138-A999DA550514}.Debug|Any CPU.ActiveCfg = Debug|Any CPU
		{2667CEE3-C959-4E05-8138-A999DA550514}.Debug|Any CPU.Build.0 = Debug|Any CPU
		{2667CEE3-C959-4E05-8138-A999DA550514}.Release|Any CPU.ActiveCfg = Release|Any CPU
		{2667CEE3-C959-4E05-8138-A999DA550514}.Release|Any CPU.Build.0 = Release|Any CPU
		{7B052CF3-4DC6-4C7E-AA5C-0AD95ECE4A39}.Debug|Any CPU.ActiveCfg = Debug|Any CPU
		{7B052CF3-4DC6-4C7E-AA5C-0AD95ECE4A39}.Debug|Any CPU.Build.0 = Debug|Any CPU
		{7B052CF3-4DC6-4C7E-AA5C-0AD95ECE4A39}.Release|Any CPU.ActiveCfg = Release|Any CPU
		{7B052CF3-4DC6-4C7E-AA5C-0AD95ECE4A39}.Release|Any CPU.Build.0 = Release|Any CPU
		{288D556F-5A96-4B82-80E0-450ADA96AF02}.Debug|Any CPU.ActiveCfg = Debug|Any CPU
		{288D556F-5A96-4B82-80E0-450ADA96AF02}.Debug|Any CPU.Build.0 = Debug|Any CPU
		{288D556F-5A96-4B82-80E0-450ADA96AF02}.Release|Any CPU.ActiveCfg = Release|Any CPU
		{288D556F-5A96-4B82-80E0-450ADA96AF02}.Release|Any CPU.Build.0 = Release|Any CPU
		{1B0E9311-35B8-4681-B092-EE9E60EF82E3}.Debug|Any CPU.ActiveCfg = Debug|Any CPU
		{1B0E9311-35B8-4681-B092-EE9E60EF82E3}.Debug|Any CPU.Build.0 = Debug|Any CPU
		{1B0E9311-35B8-4681-B092-EE9E60EF82E3}.Release|Any CPU.ActiveCfg = Release|Any CPU
		{1B0E9311-35B8-4681-B092-EE9E60EF82E3}.Release|Any CPU.Build.0 = Release|Any CPU
	EndGlobalSection
	GlobalSection(SolutionProperties) = preSolution
		HideSolutionNode = FALSE
	EndGlobalSection
	GlobalSection(ExtensibilityGlobals) = postSolution
		SolutionGuid = {61214459-F477-4063-ACD1-C98864239E13}
	EndGlobalSection
EndGlobal
