
Microsoft Visual Studio Solution File, Format Version 12.00
# Visual Studio Version 17
VisualStudioVersion = 17.3.32901.215
MinimumVisualStudioVersion = 10.0.40219.1
Project("{9A19103F-16F7-4668-BE54-9A1E7A4F7556}") = "AzureKeyVaultApplication", "AzureKeyVaultApplication\AzureKeyVaultApplication.csproj", "{5BD99680-8BFF-42EA-9882-D18C4D3C881D}"
EndProject
Project("{9A19103F-16F7-4668-BE54-9A1E7A4F7556}") = "ResilientPollyApplication", "ResilientPollyApplication\ResilientPollyApplication.csproj", "{89D6BA46-2B70-4094-81A3-0912FFFD80B3}"
EndProject
Project("{9A19103F-16F7-4668-BE54-9A1E7A4F7556}") = "UtilityLibrary", "UtilityLibrary\UtilityLibrary.csproj", "{2667CEE3-C959-4E05-8138-A999DA550514}"
EndProject
Project("{9A19103F-16F7-4668-BE54-9A1E7A4F7556}") = "NoHttpWorkloadApplication", "NoHttpWorkloadApplication\NoHttpWorkloadApplication.csproj", "{7B052CF3-4DC6-4C7E-AA5C-0AD95ECE4A39}"
EndProject
Project("{9A19103F-16F7-4668-BE54-9A1E7A4F7556}") = "SimulateDownStreamApplication", "SimulateDownStreamApplication\SimulateDownStreamApplication.csproj", "{288D556F-5A96-4B82-80E0-450ADA96AF02}"
EndProject
Project("{9A19103F-16F7-4668-BE54-9A1E7A4F7556}") = "CoreConsoleApplication", "CoreConsoleApplication\CoreConsoleApplication.csproj", "{1B0E9311-35B8-4681-B092-EE9E60EF82E3}"
EndProject
Project("{9A19103F-16F7-4668-BE54-9A1E7A4F7556}") = "CoreWebApplication", "CoreWebApplication\CoreWebApplication.csproj", "{A4EC70B8-E7AE-4747-8483-0F2D02BC9ED4}"
EndProject
Project("{9A19103F-16F7-4668-BE54-9A1E7A4F7556}") = "SqlDbApplication", "SqlDbApplication\SqlDbApplication.csproj", "{71EA2358-7A2C-4EB1-A6E0-0DDB544402D0}"
EndProject
Project("{2150E333-8FDC-42A3-9474-1A3956D46DE8}") = "UnitTests", "UnitTests", "{B7404996-E492-4B4F-845C-F5E47EA00D00}"
EndProject
Project("{2150E333-8FDC-42A3-9474-1A3956D46DE8}") = "IntegrationTests", "IntegrationTests", "{967AB127-4BA4-4DBF-AE87-6791BAB4E1C2}"
EndProject
Project("{9A19103F-16F7-4668-BE54-9A1E7A4F7556}") = "CoreWebApplication.UnitTests", "UnitTests\CoreWebApplication.UnitTests\CoreWebApplication.UnitTests.csproj", "{5C4E287D-6060-4BAC-8701-9051564C828B}"
EndProject
Project("{9A19103F-16F7-4668-BE54-9A1E7A4F7556}") = "CoreWebApplication.IntegrationTests", "IntegrationTests\CoreWebApplication.IntegrationTests\CoreWebApplication.IntegrationTests.csproj", "{71547E0B-A205-46C0-9B04-AB6E817AB94D}"
EndProject
Project("{9A19103F-16F7-4668-BE54-9A1E7A4F7556}") = "MongoDbApplication", "MongoDbApplication\MongoDbApplication.csproj", "{7BBCE0B2-4475-46E4-99DB-ACB927068291}"
EndProject
Project("{9A19103F-16F7-4668-BE54-9A1E7A4F7556}") = "DistributedCacheApplication", "DistributedCacheApplication\DistributedCacheApplication.csproj", "{9830ADC9-3D57-443B-9922-54357CEB9FE7}"
EndProject
Project("{2150E333-8FDC-42A3-9474-1A3956D46DE8}") = "Docker", "Docker", "{0407F081-1950-4C8D-97F9-E7CF7237B4BD}"
	ProjectSection(SolutionItems) = preProject
		Docker\Readme.md = Docker\Readme.md
	EndProjectSection
EndProject
Project("{2150E333-8FDC-42A3-9474-1A3956D46DE8}") = "Compose", "Compose", "{CC7CB691-D7B4-4030-947C-0C5762BCB795}"
	ProjectSection(SolutionItems) = preProject
		Docker\DockerCompose.yaml = Docker\DockerCompose.yaml
	EndProjectSection
EndProject
Global
	GlobalSection(SolutionConfigurationPlatforms) = preSolution
		Debug|Any CPU = Debug|Any CPU
		Debug|x64 = Debug|x64
		Release|Any CPU = Release|Any CPU
		Release|x64 = Release|x64
	EndGlobalSection
	GlobalSection(ProjectConfigurationPlatforms) = postSolution
		{5BD99680-8BFF-42EA-9882-D18C4D3C881D}.Debug|Any CPU.ActiveCfg = Debug|Any CPU
		{5BD99680-8BFF-42EA-9882-D18C4D3C881D}.Debug|Any CPU.Build.0 = Debug|Any CPU
		{5BD99680-8BFF-42EA-9882-D18C4D3C881D}.Debug|x64.ActiveCfg = Debug|x64
		{5BD99680-8BFF-42EA-9882-D18C4D3C881D}.Debug|x64.Build.0 = Debug|x64
		{5BD99680-8BFF-42EA-9882-D18C4D3C881D}.Release|Any CPU.ActiveCfg = Release|Any CPU
		{5BD99680-8BFF-42EA-9882-D18C4D3C881D}.Release|Any CPU.Build.0 = Release|Any CPU
		{5BD99680-8BFF-42EA-9882-D18C4D3C881D}.Release|x64.ActiveCfg = Release|x64
		{5BD99680-8BFF-42EA-9882-D18C4D3C881D}.Release|x64.Build.0 = Release|x64
		{89D6BA46-2B70-4094-81A3-0912FFFD80B3}.Debug|Any CPU.ActiveCfg = Debug|Any CPU
		{89D6BA46-2B70-4094-81A3-0912FFFD80B3}.Debug|Any CPU.Build.0 = Debug|Any CPU
		{89D6BA46-2B70-4094-81A3-0912FFFD80B3}.Debug|x64.ActiveCfg = Debug|x64
		{89D6BA46-2B70-4094-81A3-0912FFFD80B3}.Debug|x64.Build.0 = Debug|x64
		{89D6BA46-2B70-4094-81A3-0912FFFD80B3}.Release|Any CPU.ActiveCfg = Release|Any CPU
		{89D6BA46-2B70-4094-81A3-0912FFFD80B3}.Release|Any CPU.Build.0 = Release|Any CPU
		{89D6BA46-2B70-4094-81A3-0912FFFD80B3}.Release|x64.ActiveCfg = Release|x64
		{89D6BA46-2B70-4094-81A3-0912FFFD80B3}.Release|x64.Build.0 = Release|x64
		{2667CEE3-C959-4E05-8138-A999DA550514}.Debug|Any CPU.ActiveCfg = Debug|Any CPU
		{2667CEE3-C959-4E05-8138-A999DA550514}.Debug|Any CPU.Build.0 = Debug|Any CPU
		{2667CEE3-C959-4E05-8138-A999DA550514}.Debug|x64.ActiveCfg = Debug|x64
		{2667CEE3-C959-4E05-8138-A999DA550514}.Debug|x64.Build.0 = Debug|x64
		{2667CEE3-C959-4E05-8138-A999DA550514}.Release|Any CPU.ActiveCfg = Release|Any CPU
		{2667CEE3-C959-4E05-8138-A999DA550514}.Release|Any CPU.Build.0 = Release|Any CPU
		{2667CEE3-C959-4E05-8138-A999DA550514}.Release|x64.ActiveCfg = Release|x64
		{2667CEE3-C959-4E05-8138-A999DA550514}.Release|x64.Build.0 = Release|x64
		{7B052CF3-4DC6-4C7E-AA5C-0AD95ECE4A39}.Debug|Any CPU.ActiveCfg = Debug|Any CPU
		{7B052CF3-4DC6-4C7E-AA5C-0AD95ECE4A39}.Debug|Any CPU.Build.0 = Debug|Any CPU
		{7B052CF3-4DC6-4C7E-AA5C-0AD95ECE4A39}.Debug|x64.ActiveCfg = Debug|x64
		{7B052CF3-4DC6-4C7E-AA5C-0AD95ECE4A39}.Debug|x64.Build.0 = Debug|x64
		{7B052CF3-4DC6-4C7E-AA5C-0AD95ECE4A39}.Release|Any CPU.ActiveCfg = Release|Any CPU
		{7B052CF3-4DC6-4C7E-AA5C-0AD95ECE4A39}.Release|Any CPU.Build.0 = Release|Any CPU
		{7B052CF3-4DC6-4C7E-AA5C-0AD95ECE4A39}.Release|x64.ActiveCfg = Release|x64
		{7B052CF3-4DC6-4C7E-AA5C-0AD95ECE4A39}.Release|x64.Build.0 = Release|x64
		{288D556F-5A96-4B82-80E0-450ADA96AF02}.Debug|Any CPU.ActiveCfg = Debug|Any CPU
		{288D556F-5A96-4B82-80E0-450ADA96AF02}.Debug|Any CPU.Build.0 = Debug|Any CPU
		{288D556F-5A96-4B82-80E0-450ADA96AF02}.Debug|x64.ActiveCfg = Debug|x64
		{288D556F-5A96-4B82-80E0-450ADA96AF02}.Debug|x64.Build.0 = Debug|x64
		{288D556F-5A96-4B82-80E0-450ADA96AF02}.Release|Any CPU.ActiveCfg = Release|Any CPU
		{288D556F-5A96-4B82-80E0-450ADA96AF02}.Release|Any CPU.Build.0 = Release|Any CPU
		{288D556F-5A96-4B82-80E0-450ADA96AF02}.Release|x64.ActiveCfg = Release|x64
		{288D556F-5A96-4B82-80E0-450ADA96AF02}.Release|x64.Build.0 = Release|x64
		{1B0E9311-35B8-4681-B092-EE9E60EF82E3}.Debug|Any CPU.ActiveCfg = Debug|Any CPU
		{1B0E9311-35B8-4681-B092-EE9E60EF82E3}.Debug|Any CPU.Build.0 = Debug|Any CPU
		{1B0E9311-35B8-4681-B092-EE9E60EF82E3}.Debug|x64.ActiveCfg = Debug|x64
		{1B0E9311-35B8-4681-B092-EE9E60EF82E3}.Debug|x64.Build.0 = Debug|x64
		{1B0E9311-35B8-4681-B092-EE9E60EF82E3}.Release|Any CPU.ActiveCfg = Release|Any CPU
		{1B0E9311-35B8-4681-B092-EE9E60EF82E3}.Release|Any CPU.Build.0 = Release|Any CPU
		{1B0E9311-35B8-4681-B092-EE9E60EF82E3}.Release|x64.ActiveCfg = Release|x64
		{1B0E9311-35B8-4681-B092-EE9E60EF82E3}.Release|x64.Build.0 = Release|x64
		{A4EC70B8-E7AE-4747-8483-0F2D02BC9ED4}.Debug|Any CPU.ActiveCfg = Debug|Any CPU
		{A4EC70B8-E7AE-4747-8483-0F2D02BC9ED4}.Debug|Any CPU.Build.0 = Debug|Any CPU
		{A4EC70B8-E7AE-4747-8483-0F2D02BC9ED4}.Debug|x64.ActiveCfg = Debug|Any CPU
		{A4EC70B8-E7AE-4747-8483-0F2D02BC9ED4}.Debug|x64.Build.0 = Debug|Any CPU
		{A4EC70B8-E7AE-4747-8483-0F2D02BC9ED4}.Release|Any CPU.ActiveCfg = Release|Any CPU
		{A4EC70B8-E7AE-4747-8483-0F2D02BC9ED4}.Release|Any CPU.Build.0 = Release|Any CPU
		{A4EC70B8-E7AE-4747-8483-0F2D02BC9ED4}.Release|x64.ActiveCfg = Release|x64
		{A4EC70B8-E7AE-4747-8483-0F2D02BC9ED4}.Release|x64.Build.0 = Release|x64
		{71EA2358-7A2C-4EB1-A6E0-0DDB544402D0}.Debug|Any CPU.ActiveCfg = Debug|Any CPU
		{71EA2358-7A2C-4EB1-A6E0-0DDB544402D0}.Debug|Any CPU.Build.0 = Debug|Any CPU
		{71EA2358-7A2C-4EB1-A6E0-0DDB544402D0}.Debug|x64.ActiveCfg = Debug|Any CPU
		{71EA2358-7A2C-4EB1-A6E0-0DDB544402D0}.Debug|x64.Build.0 = Debug|Any CPU
		{71EA2358-7A2C-4EB1-A6E0-0DDB544402D0}.Release|Any CPU.ActiveCfg = Release|Any CPU
		{71EA2358-7A2C-4EB1-A6E0-0DDB544402D0}.Release|Any CPU.Build.0 = Release|Any CPU
		{71EA2358-7A2C-4EB1-A6E0-0DDB544402D0}.Release|x64.ActiveCfg = Release|Any CPU
		{71EA2358-7A2C-4EB1-A6E0-0DDB544402D0}.Release|x64.Build.0 = Release|Any CPU
		{5C4E287D-6060-4BAC-8701-9051564C828B}.Debug|Any CPU.ActiveCfg = Debug|Any CPU
		{5C4E287D-6060-4BAC-8701-9051564C828B}.Debug|Any CPU.Build.0 = Debug|Any CPU
		{5C4E287D-6060-4BAC-8701-9051564C828B}.Debug|x64.ActiveCfg = Debug|Any CPU
		{5C4E287D-6060-4BAC-8701-9051564C828B}.Debug|x64.Build.0 = Debug|Any CPU
		{5C4E287D-6060-4BAC-8701-9051564C828B}.Release|Any CPU.ActiveCfg = Release|Any CPU
		{5C4E287D-6060-4BAC-8701-9051564C828B}.Release|Any CPU.Build.0 = Release|Any CPU
		{5C4E287D-6060-4BAC-8701-9051564C828B}.Release|x64.ActiveCfg = Release|Any CPU
		{5C4E287D-6060-4BAC-8701-9051564C828B}.Release|x64.Build.0 = Release|Any CPU
		{71547E0B-A205-46C0-9B04-AB6E817AB94D}.Debug|Any CPU.ActiveCfg = Debug|Any CPU
		{71547E0B-A205-46C0-9B04-AB6E817AB94D}.Debug|Any CPU.Build.0 = Debug|Any CPU
		{71547E0B-A205-46C0-9B04-AB6E817AB94D}.Debug|x64.ActiveCfg = Debug|Any CPU
		{71547E0B-A205-46C0-9B04-AB6E817AB94D}.Debug|x64.Build.0 = Debug|Any CPU
		{71547E0B-A205-46C0-9B04-AB6E817AB94D}.Release|Any CPU.ActiveCfg = Release|Any CPU
		{71547E0B-A205-46C0-9B04-AB6E817AB94D}.Release|Any CPU.Build.0 = Release|Any CPU
		{71547E0B-A205-46C0-9B04-AB6E817AB94D}.Release|x64.ActiveCfg = Release|Any CPU
		{71547E0B-A205-46C0-9B04-AB6E817AB94D}.Release|x64.Build.0 = Release|Any CPU
		{7BBCE0B2-4475-46E4-99DB-ACB927068291}.Debug|Any CPU.ActiveCfg = Debug|Any CPU
		{7BBCE0B2-4475-46E4-99DB-ACB927068291}.Debug|Any CPU.Build.0 = Debug|Any CPU
		{7BBCE0B2-4475-46E4-99DB-ACB927068291}.Debug|x64.ActiveCfg = Debug|Any CPU
		{7BBCE0B2-4475-46E4-99DB-ACB927068291}.Debug|x64.Build.0 = Debug|Any CPU
		{7BBCE0B2-4475-46E4-99DB-ACB927068291}.Release|Any CPU.ActiveCfg = Release|Any CPU
		{7BBCE0B2-4475-46E4-99DB-ACB927068291}.Release|Any CPU.Build.0 = Release|Any CPU
		{7BBCE0B2-4475-46E4-99DB-ACB927068291}.Release|x64.ActiveCfg = Release|Any CPU
		{7BBCE0B2-4475-46E4-99DB-ACB927068291}.Release|x64.Build.0 = Release|Any CPU
		{9830ADC9-3D57-443B-9922-54357CEB9FE7}.Debug|Any CPU.ActiveCfg = Debug|Any CPU
		{9830ADC9-3D57-443B-9922-54357CEB9FE7}.Debug|Any CPU.Build.0 = Debug|Any CPU
		{9830ADC9-3D57-443B-9922-54357CEB9FE7}.Debug|x64.ActiveCfg = Debug|Any CPU
		{9830ADC9-3D57-443B-9922-54357CEB9FE7}.Debug|x64.Build.0 = Debug|Any CPU
		{9830ADC9-3D57-443B-9922-54357CEB9FE7}.Release|Any CPU.ActiveCfg = Release|Any CPU
		{9830ADC9-3D57-443B-9922-54357CEB9FE7}.Release|Any CPU.Build.0 = Release|Any CPU
		{9830ADC9-3D57-443B-9922-54357CEB9FE7}.Release|x64.ActiveCfg = Release|Any CPU
		{9830ADC9-3D57-443B-9922-54357CEB9FE7}.Release|x64.Build.0 = Release|Any CPU
	EndGlobalSection
	GlobalSection(SolutionProperties) = preSolution
		HideSolutionNode = FALSE
	EndGlobalSection
	GlobalSection(NestedProjects) = preSolution
		{5C4E287D-6060-4BAC-8701-9051564C828B} = {B7404996-E492-4B4F-845C-F5E47EA00D00}
		{71547E0B-A205-46C0-9B04-AB6E817AB94D} = {967AB127-4BA4-4DBF-AE87-6791BAB4E1C2}
		{CC7CB691-D7B4-4030-947C-0C5762BCB795} = {0407F081-1950-4C8D-97F9-E7CF7237B4BD}
	EndGlobalSection
	GlobalSection(ExtensibilityGlobals) = postSolution
		SolutionGuid = {61214459-F477-4063-ACD1-C98864239E13}
	EndGlobalSection
EndGlobal
